
Microsoft Visual Studio Solution File, Format Version 12.00
# Visual Studio Version 16
VisualStudioVersion = 16.0.31624.102
MinimumVisualStudioVersion = 10.0.40219.1
Project("{FAE04EC0-301F-11D3-BF4B-00C04F79EFBC}") = "2022-03-28_Balkezesek", "2022-03-28_Balkezesek\2022-03-28_Balkezesek.csproj", "{3A168BE4-2E3B-4D9D-B28C-598229365365}"
EndProject
Global
	GlobalSection(SolutionConfigurationPlatforms) = preSolution
		Debug|Any CPU = Debug|Any CPU
		Release|Any CPU = Release|Any CPU
	EndGlobalSection
	GlobalSection(ProjectConfigurationPlatforms) = postSolution
		{3A168BE4-2E3B-4D9D-B28C-598229365365}.Debug|Any CPU.ActiveCfg = Debug|Any CPU
		{3A168BE4-2E3B-4D9D-B28C-598229365365}.Debug|Any CPU.Build.0 = Debug|Any CPU
		{3A168BE4-2E3B-4D9D-B28C-598229365365}.Release|Any CPU.ActiveCfg = Release|Any CPU
		{3A168BE4-2E3B-4D9D-B28C-598229365365}.Release|Any CPU.Build.0 = Release|Any CPU
	EndGlobalSection
	GlobalSection(SolutionProperties) = preSolution
		HideSolutionNode = FALSE
	EndGlobalSection
	GlobalSection(ExtensibilityGlobals) = postSolution
		SolutionGuid = {8D3D6F79-35C9-4E39-B42E-0463F4E5CF8B}
	EndGlobalSection
EndGlobal
